
Microsoft Visual Studio Solution File, Format Version 12.00
# Visual Studio Version 17
VisualStudioVersion = 17.8.34525.116
MinimumVisualStudioVersion = 10.0.40219.1
Project("{FAE04EC0-301F-11D3-BF4B-00C04F79EFBC}") = "01. Dishwasher", "01. Dishwasher\01. Dishwasher.csproj", "{2E24C705-7986-44EF-914B-D371B19CB059}"
EndProject
Project("{FAE04EC0-301F-11D3-BF4B-00C04F79EFBC}") = "02. Report System", "02. Report System\02. Report System.csproj", "{E7450F7C-4909-44DE-81E5-CB5B304742B7}"
EndProject
Project("{FAE04EC0-301F-11D3-BF4B-00C04F79EFBC}") = "03. Stream Of Letters", "03. Stream Of Letters\03. Stream Of Letters.csproj", "{79241923-6A18-42C0-BEBE-8594892FA7BD}"
EndProject
Project("{FAE04EC0-301F-11D3-BF4B-00C04F79EFBC}") = "04. Numbers Divided by 3 Without Reminder", "04. Numbers Divided by 3 Without Reminder\04. Numbers Divided by 3 Without Reminder.csproj", "{1A322570-3AC3-4B15-8CD3-BEECC70666B1}"
EndProject
Project("{FAE04EC0-301F-11D3-BF4B-00C04F79EFBC}") = "05. Average Number", "05. Average Number\05. Average Number.csproj", "{715BFFB3-ED38-46DD-8607-606D9CC195F8}"
EndProject
Global
	GlobalSection(SolutionConfigurationPlatforms) = preSolution
		Debug|Any CPU = Debug|Any CPU
		Release|Any CPU = Release|Any CPU
	EndGlobalSection
	GlobalSection(ProjectConfigurationPlatforms) = postSolution
		{2E24C705-7986-44EF-914B-D371B19CB059}.Debug|Any CPU.ActiveCfg = Debug|Any CPU
		{2E24C705-7986-44EF-914B-D371B19CB059}.Debug|Any CPU.Build.0 = Debug|Any CPU
		{2E24C705-7986-44EF-914B-D371B19CB059}.Release|Any CPU.ActiveCfg = Release|Any CPU
		{2E24C705-7986-44EF-914B-D371B19CB059}.Release|Any CPU.Build.0 = Release|Any CPU
		{E7450F7C-4909-44DE-81E5-CB5B304742B7}.Debug|Any CPU.ActiveCfg = Debug|Any CPU
		{E7450F7C-4909-44DE-81E5-CB5B304742B7}.Debug|Any CPU.Build.0 = Debug|Any CPU
		{E7450F7C-4909-44DE-81E5-CB5B304742B7}.Release|Any CPU.ActiveCfg = Release|Any CPU
		{E7450F7C-4909-44DE-81E5-CB5B304742B7}.Release|Any CPU.Build.0 = Release|Any CPU
		{79241923-6A18-42C0-BEBE-8594892FA7BD}.Debug|Any CPU.ActiveCfg = Debug|Any CPU
		{79241923-6A18-42C0-BEBE-8594892FA7BD}.Debug|Any CPU.Build.0 = Debug|Any CPU
		{79241923-6A18-42C0-BEBE-8594892FA7BD}.Release|Any CPU.ActiveCfg = Release|Any CPU
		{79241923-6A18-42C0-BEBE-8594892FA7BD}.Release|Any CPU.Build.0 = Release|Any CPU
		{1A322570-3AC3-4B15-8CD3-BEECC70666B1}.Debug|Any CPU.ActiveCfg = Debug|Any CPU
		{1A322570-3AC3-4B15-8CD3-BEECC70666B1}.Debug|Any CPU.Build.0 = Debug|Any CPU
		{1A322570-3AC3-4B15-8CD3-BEECC70666B1}.Release|Any CPU.ActiveCfg = Release|Any CPU
		{1A322570-3AC3-4B15-8CD3-BEECC70666B1}.Release|Any CPU.Build.0 = Release|Any CPU
		{715BFFB3-ED38-46DD-8607-606D9CC195F8}.Debug|Any CPU.ActiveCfg = Debug|Any CPU
		{715BFFB3-ED38-46DD-8607-606D9CC195F8}.Debug|Any CPU.Build.0 = Debug|Any CPU
		{715BFFB3-ED38-46DD-8607-606D9CC195F8}.Release|Any CPU.ActiveCfg = Release|Any CPU
		{715BFFB3-ED38-46DD-8607-606D9CC195F8}.Release|Any CPU.Build.0 = Release|Any CPU
	EndGlobalSection
	GlobalSection(SolutionProperties) = preSolution
		HideSolutionNode = FALSE
	EndGlobalSection
	GlobalSection(ExtensibilityGlobals) = postSolution
		SolutionGuid = {0570D3B9-42AF-47D7-8E11-67012C5F473C}
	EndGlobalSection
EndGlobal
